// !$*UTF8*$!
{
	archiveVersion = 1;
	classes = {
	};
	objectVersion = 46;
	objects = {

/* Begin PBXBuildFile section */
		AC4421BB50D7653DFC3B2610 /* libPods-tipcoin.a in Frameworks */ = {isa = PBXBuildFile; fileRef = EF9A22A5C5F65FA22836144F /* libPods-tipcoin.a */; };
		B05482AB1B3AE26A008A4DA6 /* SplashVC.swift in Sources */ = {isa = PBXBuildFile; fileRef = B05482AA1B3AE26A008A4DA6 /* SplashVC.swift */; };
		B05482AD1B3AE2CC008A4DA6 /* TiledBackgroundView.swift in Sources */ = {isa = PBXBuildFile; fileRef = B05482AC1B3AE2CC008A4DA6 /* TiledBackgroundView.swift */; };
		B05482AF1B3AF6DA008A4DA6 /* UpdateUserOperation.swift in Sources */ = {isa = PBXBuildFile; fileRef = B05482AE1B3AF6DA008A4DA6 /* UpdateUserOperation.swift */; };
		B05482B11B3AFAAD008A4DA6 /* MenuVC.swift in Sources */ = {isa = PBXBuildFile; fileRef = B05482B01B3AFAAD008A4DA6 /* MenuVC.swift */; };
		B07F771E1B43C1F400499107 /* GroupMembershipCell.swift in Sources */ = {isa = PBXBuildFile; fileRef = B07F771D1B43C1F400499107 /* GroupMembershipCell.swift */; };
		B07F773F1B43C3B200499107 /* Member.swift in Sources */ = {isa = PBXBuildFile; fileRef = B07F773E1B43C3B200499107 /* Member.swift */; };
		B07F77411B43C43B00499107 /* Group.swift in Sources */ = {isa = PBXBuildFile; fileRef = B07F77401B43C43B00499107 /* Group.swift */; };
		B07F77431B43C47000499107 /* Transaction.swift in Sources */ = {isa = PBXBuildFile; fileRef = B07F77421B43C47000499107 /* Transaction.swift */; };
		B07F77451B43C4B800499107 /* PFObject+Equality.swift in Sources */ = {isa = PBXBuildFile; fileRef = B07F77441B43C4B800499107 /* PFObject+Equality.swift */; };
		B0FB94B41B440F6B0056A8A0 /* Spinner.swift in Sources */ = {isa = PBXBuildFile; fileRef = B0FB94B31B440F6B0056A8A0 /* Spinner.swift */; };
		B0FB94B71B4410610056A8A0 /* MembershipDatastore.swift in Sources */ = {isa = PBXBuildFile; fileRef = B0FB94B61B4410610056A8A0 /* MembershipDatastore.swift */; };
		E89F0F441B287794002C5488 /* AppDelegate.swift in Sources */ = {isa = PBXBuildFile; fileRef = E89F0F431B287794002C5488 /* AppDelegate.swift */; };
		E89F0F491B287794002C5488 /* Main.storyboard in Resources */ = {isa = PBXBuildFile; fileRef = E89F0F471B287794002C5488 /* Main.storyboard */; };
		E89F0F4B1B287794002C5488 /* Images.xcassets in Resources */ = {isa = PBXBuildFile; fileRef = E89F0F4A1B287794002C5488 /* Images.xcassets */; };
		E89F0F4E1B287794002C5488 /* LaunchScreen.xib in Resources */ = {isa = PBXBuildFile; fileRef = E89F0F4C1B287794002C5488 /* LaunchScreen.xib */; };
		E89F0F5A1B287794002C5488 /* tipcoinTests.swift in Sources */ = {isa = PBXBuildFile; fileRef = E89F0F591B287794002C5488 /* tipcoinTests.swift */; };
		E8F0F8981B287FA90028303E /* MyMembershipsOperation.swift in Sources */ = {isa = PBXBuildFile; fileRef = E8F0F8971B287FA90028303E /* MyMembershipsOperation.swift */; };
/* End PBXBuildFile section */

/* Begin PBXContainerItemProxy section */
		E89F0F541B287794002C5488 /* PBXContainerItemProxy */ = {
			isa = PBXContainerItemProxy;
			containerPortal = E89F0F361B287794002C5488 /* Project object */;
			proxyType = 1;
			remoteGlobalIDString = E89F0F3D1B287794002C5488;
			remoteInfo = tipcoin;
		};
/* End PBXContainerItemProxy section */

/* Begin PBXFileReference section */
		815BAB89D6823924610F96E9 /* Pods-tipcoin.release.xcconfig */ = {isa = PBXFileReference; includeInIndex = 1; lastKnownFileType = text.xcconfig; name = "Pods-tipcoin.release.xcconfig"; path = "Pods/Target Support Files/Pods-tipcoin/Pods-tipcoin.release.xcconfig"; sourceTree = "<group>"; };
		B05482AA1B3AE26A008A4DA6 /* SplashVC.swift */ = {isa = PBXFileReference; fileEncoding = 4; lastKnownFileType = sourcecode.swift; path = SplashVC.swift; sourceTree = "<group>"; };
		B05482AC1B3AE2CC008A4DA6 /* TiledBackgroundView.swift */ = {isa = PBXFileReference; fileEncoding = 4; lastKnownFileType = sourcecode.swift; path = TiledBackgroundView.swift; sourceTree = "<group>"; };
		B05482AE1B3AF6DA008A4DA6 /* UpdateUserOperation.swift */ = {isa = PBXFileReference; fileEncoding = 4; lastKnownFileType = sourcecode.swift; path = UpdateUserOperation.swift; sourceTree = "<group>"; };
		B05482B01B3AFAAD008A4DA6 /* MenuVC.swift */ = {isa = PBXFileReference; fileEncoding = 4; lastKnownFileType = sourcecode.swift; path = MenuVC.swift; sourceTree = "<group>"; };
		B07F771D1B43C1F400499107 /* GroupMembershipCell.swift */ = {isa = PBXFileReference; fileEncoding = 4; lastKnownFileType = sourcecode.swift; path = GroupMembershipCell.swift; sourceTree = "<group>"; };
		B07F773E1B43C3B200499107 /* Member.swift */ = {isa = PBXFileReference; fileEncoding = 4; lastKnownFileType = sourcecode.swift; path = Member.swift; sourceTree = "<group>"; };
		B07F77401B43C43B00499107 /* Group.swift */ = {isa = PBXFileReference; fileEncoding = 4; lastKnownFileType = sourcecode.swift; path = Group.swift; sourceTree = "<group>"; };
		B07F77421B43C47000499107 /* Transaction.swift */ = {isa = PBXFileReference; fileEncoding = 4; lastKnownFileType = sourcecode.swift; path = Transaction.swift; sourceTree = "<group>"; };
		B07F77441B43C4B800499107 /* PFObject+Equality.swift */ = {isa = PBXFileReference; fileEncoding = 4; lastKnownFileType = sourcecode.swift; path = "PFObject+Equality.swift"; sourceTree = "<group>"; };
		B0FB94B31B440F6B0056A8A0 /* Spinner.swift */ = {isa = PBXFileReference; fileEncoding = 4; lastKnownFileType = sourcecode.swift; path = Spinner.swift; sourceTree = "<group>"; };
		B0FB94B61B4410610056A8A0 /* MembershipDatastore.swift */ = {isa = PBXFileReference; fileEncoding = 4; lastKnownFileType = sourcecode.swift; path = MembershipDatastore.swift; sourceTree = "<group>"; };
		E89F0F3E1B287794002C5488 /* tipcoin.app */ = {isa = PBXFileReference; explicitFileType = wrapper.application; includeInIndex = 0; path = tipcoin.app; sourceTree = BUILT_PRODUCTS_DIR; };
		E89F0F421B287794002C5488 /* Info.plist */ = {isa = PBXFileReference; lastKnownFileType = text.plist.xml; path = Info.plist; sourceTree = "<group>"; };
		E89F0F431B287794002C5488 /* AppDelegate.swift */ = {isa = PBXFileReference; lastKnownFileType = sourcecode.swift; path = AppDelegate.swift; sourceTree = "<group>"; };
		E89F0F481B287794002C5488 /* Base */ = {isa = PBXFileReference; lastKnownFileType = file.storyboard; name = Base; path = Base.lproj/Main.storyboard; sourceTree = "<group>"; };
		E89F0F4A1B287794002C5488 /* Images.xcassets */ = {isa = PBXFileReference; lastKnownFileType = folder.assetcatalog; path = Images.xcassets; sourceTree = "<group>"; };
		E89F0F4D1B287794002C5488 /* Base */ = {isa = PBXFileReference; lastKnownFileType = file.xib; name = Base; path = Base.lproj/LaunchScreen.xib; sourceTree = "<group>"; };
		E89F0F531B287794002C5488 /* tipcoinTests.xctest */ = {isa = PBXFileReference; explicitFileType = wrapper.cfbundle; includeInIndex = 0; path = tipcoinTests.xctest; sourceTree = BUILT_PRODUCTS_DIR; };
		E89F0F581B287794002C5488 /* Info.plist */ = {isa = PBXFileReference; lastKnownFileType = text.plist.xml; path = Info.plist; sourceTree = "<group>"; };
		E89F0F591B287794002C5488 /* tipcoinTests.swift */ = {isa = PBXFileReference; lastKnownFileType = sourcecode.swift; path = tipcoinTests.swift; sourceTree = "<group>"; };
		E8F0F8921B287AED0028303E /* tipcoin-Bridging-Header.h */ = {isa = PBXFileReference; lastKnownFileType = sourcecode.c.h; path = "tipcoin-Bridging-Header.h"; sourceTree = "<group>"; };
		E8F0F8971B287FA90028303E /* MyMembershipsOperation.swift */ = {isa = PBXFileReference; fileEncoding = 4; lastKnownFileType = sourcecode.swift; path = MyMembershipsOperation.swift; sourceTree = "<group>"; };
		EF9A22A5C5F65FA22836144F /* libPods-tipcoin.a */ = {isa = PBXFileReference; explicitFileType = archive.ar; includeInIndex = 0; path = "libPods-tipcoin.a"; sourceTree = BUILT_PRODUCTS_DIR; };
		F165C863A15EFB1F8A76BD1F /* Pods-tipcoin.debug.xcconfig */ = {isa = PBXFileReference; includeInIndex = 1; lastKnownFileType = text.xcconfig; name = "Pods-tipcoin.debug.xcconfig"; path = "Pods/Target Support Files/Pods-tipcoin/Pods-tipcoin.debug.xcconfig"; sourceTree = "<group>"; };
/* End PBXFileReference section */

/* Begin PBXFrameworksBuildPhase section */
		E89F0F3B1B287794002C5488 /* Frameworks */ = {
			isa = PBXFrameworksBuildPhase;
			buildActionMask = 2147483647;
			files = (
				AC4421BB50D7653DFC3B2610 /* libPods-tipcoin.a in Frameworks */,
			);
			runOnlyForDeploymentPostprocessing = 0;
		};
		E89F0F501B287794002C5488 /* Frameworks */ = {
			isa = PBXFrameworksBuildPhase;
			buildActionMask = 2147483647;
			files = (
			);
			runOnlyForDeploymentPostprocessing = 0;
		};
/* End PBXFrameworksBuildPhase section */

/* Begin PBXGroup section */
		161ACC74E9E37D65F386C5C0 /* Pods */ = {
			isa = PBXGroup;
			children = (
				F165C863A15EFB1F8A76BD1F /* Pods-tipcoin.debug.xcconfig */,
				815BAB89D6823924610F96E9 /* Pods-tipcoin.release.xcconfig */,
			);
			name = Pods;
			sourceTree = "<group>";
		};
		A32B5AB00ED7F92AA6208E24 /* Frameworks */ = {
			isa = PBXGroup;
			children = (
				EF9A22A5C5F65FA22836144F /* libPods-tipcoin.a */,
			);
			name = Frameworks;
			sourceTree = "<group>";
		};
		B05482A91B3AE250008A4DA6 /* viewcontrollers */ = {
			isa = PBXGroup;
			children = (
				B05482AA1B3AE26A008A4DA6 /* SplashVC.swift */,
				B05482B01B3AFAAD008A4DA6 /* MenuVC.swift */,
				B07F771D1B43C1F400499107 /* GroupMembershipCell.swift */,
				B0FB94B31B440F6B0056A8A0 /* Spinner.swift */,
			);
			path = viewcontrollers;
			sourceTree = "<group>";
		};
		B07F773D1B43C39900499107 /* models */ = {
			isa = PBXGroup;
			children = (
				B07F773E1B43C3B200499107 /* Member.swift */,
				B07F77401B43C43B00499107 /* Group.swift */,
				B07F77421B43C47000499107 /* Transaction.swift */,
				B07F77441B43C4B800499107 /* PFObject+Equality.swift */,
			);
			path = models;
			sourceTree = "<group>";
		};
		B0FB94B51B44104B0056A8A0 /* datastores */ = {
			isa = PBXGroup;
			children = (
				B0FB94B61B4410610056A8A0 /* MembershipDatastore.swift */,
			);
			path = datastores;
			sourceTree = "<group>";
		};
		E89F0F351B287794002C5488 = {
			isa = PBXGroup;
			children = (
				E89F0F401B287794002C5488 /* tipcoin */,
				E89F0F561B287794002C5488 /* tipcoinTests */,
				E89F0F3F1B287794002C5488 /* Products */,
				161ACC74E9E37D65F386C5C0 /* Pods */,
				A32B5AB00ED7F92AA6208E24 /* Frameworks */,
			);
			sourceTree = "<group>";
		};
		E89F0F3F1B287794002C5488 /* Products */ = {
			isa = PBXGroup;
			children = (
				E89F0F3E1B287794002C5488 /* tipcoin.app */,
				E89F0F531B287794002C5488 /* tipcoinTests.xctest */,
			);
			name = Products;
			sourceTree = "<group>";
		};
		E89F0F401B287794002C5488 /* tipcoin */ = {
			isa = PBXGroup;
			children = (
				B07F773D1B43C39900499107 /* models */,
				B05482A91B3AE250008A4DA6 /* viewcontrollers */,
				E8F0F8951B287F500028303E /* cloud */,
				E89F0F431B287794002C5488 /* AppDelegate.swift */,
				E89F0F471B287794002C5488 /* Main.storyboard */,
				E89F0F4A1B287794002C5488 /* Images.xcassets */,
				E89F0F4C1B287794002C5488 /* LaunchScreen.xib */,
				E89F0F411B287794002C5488 /* Supporting Files */,
				E8F0F8921B287AED0028303E /* tipcoin-Bridging-Header.h */,
				B05482AC1B3AE2CC008A4DA6 /* TiledBackgroundView.swift */,
			);
			path = tipcoin;
			sourceTree = "<group>";
		};
		E89F0F411B287794002C5488 /* Supporting Files */ = {
			isa = PBXGroup;
			children = (
				E89F0F421B287794002C5488 /* Info.plist */,
			);
			name = "Supporting Files";
			sourceTree = "<group>";
		};
		E89F0F561B287794002C5488 /* tipcoinTests */ = {
			isa = PBXGroup;
			children = (
				E89F0F591B287794002C5488 /* tipcoinTests.swift */,
				E89F0F571B287794002C5488 /* Supporting Files */,
			);
			path = tipcoinTests;
			sourceTree = "<group>";
		};
		E89F0F571B287794002C5488 /* Supporting Files */ = {
			isa = PBXGroup;
			children = (
				E89F0F581B287794002C5488 /* Info.plist */,
			);
			name = "Supporting Files";
			sourceTree = "<group>";
		};
		E8F0F8951B287F500028303E /* cloud */ = {
			isa = PBXGroup;
			children = (
				B0FB94B51B44104B0056A8A0 /* datastores */,
				E8F0F8961B287F560028303E /* operations */,
			);
			path = cloud;
			sourceTree = "<group>";
		};
		E8F0F8961B287F560028303E /* operations */ = {
			isa = PBXGroup;
			children = (
				E8F0F8971B287FA90028303E /* MyMembershipsOperation.swift */,
				B05482AE1B3AF6DA008A4DA6 /* UpdateUserOperation.swift */,
			);
			path = operations;
			sourceTree = "<group>";
		};
/* End PBXGroup section */

/* Begin PBXNativeTarget section */
		E89F0F3D1B287794002C5488 /* tipcoin */ = {
			isa = PBXNativeTarget;
			buildConfigurationList = E89F0F5D1B287794002C5488 /* Build configuration list for PBXNativeTarget "tipcoin" */;
			buildPhases = (
				B5B040B7820E0AAA63396FD0 /* Check Pods Manifest.lock */,
				E89F0F3A1B287794002C5488 /* Sources */,
				E89F0F3B1B287794002C5488 /* Frameworks */,
				E89F0F3C1B287794002C5488 /* Resources */,
				AD933EE4CDAA92B483F80E9B /* Copy Pods Resources */,
			);
			buildRules = (
			);
			dependencies = (
			);
			name = tipcoin;
			productName = tipcoin;
			productReference = E89F0F3E1B287794002C5488 /* tipcoin.app */;
			productType = "com.apple.product-type.application";
		};
		E89F0F521B287794002C5488 /* tipcoinTests */ = {
			isa = PBXNativeTarget;
			buildConfigurationList = E89F0F601B287794002C5488 /* Build configuration list for PBXNativeTarget "tipcoinTests" */;
			buildPhases = (
				E89F0F4F1B287794002C5488 /* Sources */,
				E89F0F501B287794002C5488 /* Frameworks */,
				E89F0F511B287794002C5488 /* Resources */,
			);
			buildRules = (
			);
			dependencies = (
				E89F0F551B287794002C5488 /* PBXTargetDependency */,
			);
			name = tipcoinTests;
			productName = tipcoinTests;
			productReference = E89F0F531B287794002C5488 /* tipcoinTests.xctest */;
			productType = "com.apple.product-type.bundle.unit-test";
		};
/* End PBXNativeTarget section */

/* Begin PBXProject section */
		E89F0F361B287794002C5488 /* Project object */ = {
			isa = PBXProject;
			attributes = {
				LastUpgradeCheck = 0630;
				ORGANIZATIONNAME = "CPC Ninjas";
				TargetAttributes = {
					E89F0F3D1B287794002C5488 = {
						CreatedOnToolsVersion = 6.3.2;
					};
					E89F0F521B287794002C5488 = {
						CreatedOnToolsVersion = 6.3.2;
						TestTargetID = E89F0F3D1B287794002C5488;
					};
				};
			};
			buildConfigurationList = E89F0F391B287794002C5488 /* Build configuration list for PBXProject "tipcoin" */;
			compatibilityVersion = "Xcode 3.2";
			developmentRegion = English;
			hasScannedForEncodings = 0;
			knownRegions = (
				en,
				Base,
			);
			mainGroup = E89F0F351B287794002C5488;
			productRefGroup = E89F0F3F1B287794002C5488 /* Products */;
			projectDirPath = "";
			projectRoot = "";
			targets = (
				E89F0F3D1B287794002C5488 /* tipcoin */,
				E89F0F521B287794002C5488 /* tipcoinTests */,
			);
		};
/* End PBXProject section */

/* Begin PBXResourcesBuildPhase section */
		E89F0F3C1B287794002C5488 /* Resources */ = {
			isa = PBXResourcesBuildPhase;
			buildActionMask = 2147483647;
			files = (
				E89F0F491B287794002C5488 /* Main.storyboard in Resources */,
				E89F0F4E1B287794002C5488 /* LaunchScreen.xib in Resources */,
				E89F0F4B1B287794002C5488 /* Images.xcassets in Resources */,
			);
			runOnlyForDeploymentPostprocessing = 0;
		};
		E89F0F511B287794002C5488 /* Resources */ = {
			isa = PBXResourcesBuildPhase;
			buildActionMask = 2147483647;
			files = (
			);
			runOnlyForDeploymentPostprocessing = 0;
		};
/* End PBXResourcesBuildPhase section */

/* Begin PBXShellScriptBuildPhase section */
		AD933EE4CDAA92B483F80E9B /* Copy Pods Resources */ = {
			isa = PBXShellScriptBuildPhase;
			buildActionMask = 2147483647;
			files = (
			);
			inputPaths = (
			);
			name = "Copy Pods Resources";
			outputPaths = (
			);
			runOnlyForDeploymentPostprocessing = 0;
			shellPath = /bin/sh;
			shellScript = "\"${SRCROOT}/Pods/Target Support Files/Pods-tipcoin/Pods-tipcoin-resources.sh\"\n";
			showEnvVarsInLog = 0;
		};
		B5B040B7820E0AAA63396FD0 /* Check Pods Manifest.lock */ = {
			isa = PBXShellScriptBuildPhase;
			buildActionMask = 2147483647;
			files = (
			);
			inputPaths = (
			);
			name = "Check Pods Manifest.lock";
			outputPaths = (
			);
			runOnlyForDeploymentPostprocessing = 0;
			shellPath = /bin/sh;
			shellScript = "diff \"${PODS_ROOT}/../Podfile.lock\" \"${PODS_ROOT}/Manifest.lock\" > /dev/null\nif [[ $? != 0 ]] ; then\n    cat << EOM\nerror: The sandbox is not in sync with the Podfile.lock. Run 'pod install' or update your CocoaPods installation.\nEOM\n    exit 1\nfi\n";
			showEnvVarsInLog = 0;
		};
/* End PBXShellScriptBuildPhase section */

/* Begin PBXSourcesBuildPhase section */
		E89F0F3A1B287794002C5488 /* Sources */ = {
			isa = PBXSourcesBuildPhase;
			buildActionMask = 2147483647;
			files = (
				B07F77431B43C47000499107 /* Transaction.swift in Sources */,
				B0FB94B71B4410610056A8A0 /* MembershipDatastore.swift in Sources */,
				B05482AD1B3AE2CC008A4DA6 /* TiledBackgroundView.swift in Sources */,
				B07F773F1B43C3B200499107 /* Member.swift in Sources */,
				B07F77451B43C4B800499107 /* PFObject+Equality.swift in Sources */,
				B07F77411B43C43B00499107 /* Group.swift in Sources */,
				E8F0F8981B287FA90028303E /* MyMembershipsOperation.swift in Sources */,
				B05482B11B3AFAAD008A4DA6 /* MenuVC.swift in Sources */,
				B0FB94B41B440F6B0056A8A0 /* Spinner.swift in Sources */,
				B05482AB1B3AE26A008A4DA6 /* SplashVC.swift in Sources */,
				B07F771E1B43C1F400499107 /* GroupMembershipCell.swift in Sources */,
				E89F0F441B287794002C5488 /* AppDelegate.swift in Sources */,
				B05482AF1B3AF6DA008A4DA6 /* UpdateUserOperation.swift in Sources */,
			);
			runOnlyForDeploymentPostprocessing = 0;
		};
		E89F0F4F1B287794002C5488 /* Sources */ = {
			isa = PBXSourcesBuildPhase;
			buildActionMask = 2147483647;
			files = (
				E89F0F5A1B287794002C5488 /* tipcoinTests.swift in Sources */,
			);
			runOnlyForDeploymentPostprocessing = 0;
		};
/* End PBXSourcesBuildPhase section */

/* Begin PBXTargetDependency section */
		E89F0F551B287794002C5488 /* PBXTargetDependency */ = {
			isa = PBXTargetDependency;
			target = E89F0F3D1B287794002C5488 /* tipcoin */;
			targetProxy = E89F0F541B287794002C5488 /* PBXContainerItemProxy */;
		};
/* End PBXTargetDependency section */

/* Begin PBXVariantGroup section */
		E89F0F471B287794002C5488 /* Main.storyboard */ = {
			isa = PBXVariantGroup;
			children = (
				E89F0F481B287794002C5488 /* Base */,
			);
			name = Main.storyboard;
			sourceTree = "<group>";
		};
		E89F0F4C1B287794002C5488 /* LaunchScreen.xib */ = {
			isa = PBXVariantGroup;
			children = (
				E89F0F4D1B287794002C5488 /* Base */,
			);
			name = LaunchScreen.xib;
			sourceTree = "<group>";
		};
/* End PBXVariantGroup section */

/* Begin XCBuildConfiguration section */
		E89F0F5B1B287794002C5488 /* Debug */ = {
			isa = XCBuildConfiguration;
			buildSettings = {
				ALWAYS_SEARCH_USER_PATHS = NO;
				CLANG_CXX_LANGUAGE_STANDARD = "gnu++0x";
				CLANG_CXX_LIBRARY = "libc++";
				CLANG_ENABLE_MODULES = YES;
				CLANG_ENABLE_OBJC_ARC = YES;
				CLANG_WARN_BOOL_CONVERSION = YES;
				CLANG_WARN_CONSTANT_CONVERSION = YES;
				CLANG_WARN_DIRECT_OBJC_ISA_USAGE = YES_ERROR;
				CLANG_WARN_EMPTY_BODY = YES;
				CLANG_WARN_ENUM_CONVERSION = YES;
				CLANG_WARN_INT_CONVERSION = YES;
				CLANG_WARN_OBJC_ROOT_CLASS = YES_ERROR;
				CLANG_WARN_UNREACHABLE_CODE = YES;
				CLANG_WARN__DUPLICATE_METHOD_MATCH = YES;
				"CODE_SIGN_IDENTITY[sdk=iphoneos*]" = "iPhone Developer";
				COPY_PHASE_STRIP = NO;
				DEBUG_INFORMATION_FORMAT = "dwarf-with-dsym";
				ENABLE_STRICT_OBJC_MSGSEND = YES;
				GCC_C_LANGUAGE_STANDARD = gnu99;
				GCC_DYNAMIC_NO_PIC = NO;
				GCC_NO_COMMON_BLOCKS = YES;
				GCC_OPTIMIZATION_LEVEL = 0;
				GCC_PREPROCESSOR_DEFINITIONS = (
					"DEBUG=1",
					"$(inherited)",
				);
				GCC_SYMBOLS_PRIVATE_EXTERN = NO;
				GCC_WARN_64_TO_32_BIT_CONVERSION = YES;
				GCC_WARN_ABOUT_RETURN_TYPE = YES_ERROR;
				GCC_WARN_UNDECLARED_SELECTOR = YES;
				GCC_WARN_UNINITIALIZED_AUTOS = YES_AGGRESSIVE;
				GCC_WARN_UNUSED_FUNCTION = YES;
				GCC_WARN_UNUSED_VARIABLE = YES;
				IPHONEOS_DEPLOYMENT_TARGET = 8.3;
				MTL_ENABLE_DEBUG_INFO = YES;
				ONLY_ACTIVE_ARCH = YES;
				SDKROOT = iphoneos;
				SWIFT_OPTIMIZATION_LEVEL = "-Onone";
				TARGETED_DEVICE_FAMILY = "1,2";
			};
			name = Debug;
		};
		E89F0F5C1B287794002C5488 /* Release */ = {
			isa = XCBuildConfiguration;
			buildSettings = {
				ALWAYS_SEARCH_USER_PATHS = NO;
				CLANG_CXX_LANGUAGE_STANDARD = "gnu++0x";
				CLANG_CXX_LIBRARY = "libc++";
				CLANG_ENABLE_MODULES = YES;
				CLANG_ENABLE_OBJC_ARC = YES;
				CLANG_WARN_BOOL_CONVERSION = YES;
				CLANG_WARN_CONSTANT_CONVERSION = YES;
				CLANG_WARN_DIRECT_OBJC_ISA_USAGE = YES_ERROR;
				CLANG_WARN_EMPTY_BODY = YES;
				CLANG_WARN_ENUM_CONVERSION = YES;
				CLANG_WARN_INT_CONVERSION = YES;
				CLANG_WARN_OBJC_ROOT_CLASS = YES_ERROR;
				CLANG_WARN_UNREACHABLE_CODE = YES;
				CLANG_WARN__DUPLICATE_METHOD_MATCH = YES;
				"CODE_SIGN_IDENTITY[sdk=iphoneos*]" = "iPhone Developer";
				COPY_PHASE_STRIP = NO;
				DEBUG_INFORMATION_FORMAT = "dwarf-with-dsym";
				ENABLE_NS_ASSERTIONS = NO;
				ENABLE_STRICT_OBJC_MSGSEND = YES;
				GCC_C_LANGUAGE_STANDARD = gnu99;
				GCC_NO_COMMON_BLOCKS = YES;
				GCC_WARN_64_TO_32_BIT_CONVERSION = YES;
				GCC_WARN_ABOUT_RETURN_TYPE = YES_ERROR;
				GCC_WARN_UNDECLARED_SELECTOR = YES;
				GCC_WARN_UNINITIALIZED_AUTOS = YES_AGGRESSIVE;
				GCC_WARN_UNUSED_FUNCTION = YES;
				GCC_WARN_UNUSED_VARIABLE = YES;
				IPHONEOS_DEPLOYMENT_TARGET = 8.3;
				MTL_ENABLE_DEBUG_INFO = NO;
				SDKROOT = iphoneos;
				TARGETED_DEVICE_FAMILY = "1,2";
				VALIDATE_PRODUCT = YES;
			};
			name = Release;
		};
		E89F0F5E1B287794002C5488 /* Debug */ = {
			isa = XCBuildConfiguration;
			baseConfigurationReference = F165C863A15EFB1F8A76BD1F /* Pods-tipcoin.debug.xcconfig */;
			buildSettings = {
				ASSETCATALOG_COMPILER_APPICON_NAME = AppIcon;
				CLANG_ENABLE_MODULES = YES;
				INFOPLIST_FILE = tipcoin/Info.plist;
				LD_RUNPATH_SEARCH_PATHS = "$(inherited) @executable_path/Frameworks";
				PRODUCT_NAME = "$(TARGET_NAME)";
				SWIFT_OBJC_BRIDGING_HEADER = "tipcoin/tipcoin-Bridging-Header.h";
				SWIFT_OPTIMIZATION_LEVEL = "-Onone";
			};
			name = Debug;
		};
		E89F0F5F1B287794002C5488 /* Release */ = {
			isa = XCBuildConfiguration;
			baseConfigurationReference = 815BAB89D6823924610F96E9 /* Pods-tipcoin.release.xcconfig */;
			buildSettings = {
				ASSETCATALOG_COMPILER_APPICON_NAME = AppIcon;
				CLANG_ENABLE_MODULES = YES;
				INFOPLIST_FILE = tipcoin/Info.plist;
				LD_RUNPATH_SEARCH_PATHS = "$(inherited) @executable_path/Frameworks";
				PRODUCT_NAME = "$(TARGET_NAME)";
				SWIFT_OBJC_BRIDGING_HEADER = "tipcoin/tipcoin-Bridging-Header.h";
			};
			name = Release;
		};
		E89F0F611B287794002C5488 /* Debug */ = {
			isa = XCBuildConfiguration;
			buildSettings = {
				BUNDLE_LOADER = "$(TEST_HOST)";
				FRAMEWORK_SEARCH_PATHS = (
					"$(SDKROOT)/Developer/Library/Frameworks",
					"$(inherited)",
				);
				GCC_PREPROCESSOR_DEFINITIONS = (
					"DEBUG=1",
					"$(inherited)",
				);
				INFOPLIST_FILE = tipcoinTests/Info.plist;
				LD_RUNPATH_SEARCH_PATHS = "$(inherited) @executable_path/Frameworks @loader_path/Frameworks";
				PRODUCT_NAME = "$(TARGET_NAME)";
				TEST_HOST = "$(BUILT_PRODUCTS_DIR)/tipcoin.app/tipcoin";
			};
			name = Debug;
		};
		E89F0F621B287794002C5488 /* Release */ = {
			isa = XCBuildConfiguration;
			buildSettings = {
				BUNDLE_LOADER = "$(TEST_HOST)";
				FRAMEWORK_SEARCH_PATHS = (
					"$(SDKROOT)/Developer/Library/Frameworks",
					"$(inherited)",
				);
				INFOPLIST_FILE = tipcoinTests/Info.plist;
				LD_RUNPATH_SEARCH_PATHS = "$(inherited) @executable_path/Frameworks @loader_path/Frameworks";
				PRODUCT_NAME = "$(TARGET_NAME)";
				TEST_HOST = "$(BUILT_PRODUCTS_DIR)/tipcoin.app/tipcoin";
			};
			name = Release;
		};
/* End XCBuildConfiguration section */

/* Begin XCConfigurationList section */
		E89F0F391B287794002C5488 /* Build configuration list for PBXProject "tipcoin" */ = {
			isa = XCConfigurationList;
			buildConfigurations = (
				E89F0F5B1B287794002C5488 /* Debug */,
				E89F0F5C1B287794002C5488 /* Release */,
			);
			defaultConfigurationIsVisible = 0;
			defaultConfigurationName = Release;
		};
		E89F0F5D1B287794002C5488 /* Build configuration list for PBXNativeTarget "tipcoin" */ = {
			isa = XCConfigurationList;
			buildConfigurations = (
				E89F0F5E1B287794002C5488 /* Debug */,
				E89F0F5F1B287794002C5488 /* Release */,
			);
			defaultConfigurationIsVisible = 0;
			defaultConfigurationName = Release;
		};
		E89F0F601B287794002C5488 /* Build configuration list for PBXNativeTarget "tipcoinTests" */ = {
			isa = XCConfigurationList;
			buildConfigurations = (
				E89F0F611B287794002C5488 /* Debug */,
				E89F0F621B287794002C5488 /* Release */,
			);
			defaultConfigurationIsVisible = 0;
			defaultConfigurationName = Release;
		};
/* End XCConfigurationList section */
	};
	rootObject = E89F0F361B287794002C5488 /* Project object */;
}
